
Microsoft Visual Studio Solution File, Format Version 12.00
# Visual Studio 2013
VisualStudioVersion = 12.0.30324.0
MinimumVisualStudioVersion = 10.0.40219.1
Project("{FAE04EC0-301F-11D3-BF4B-00C04F79EFBC}") = "UtyRx", "UtyRx\UtyRx.csproj", "{F87BCE71-0567-4FE1-83A3-2FD21EA8CD17}"
EndProject
Project("{FAE04EC0-301F-11D3-BF4B-00C04F79EFBC}") = "UtyRx.Tests", "UtyRx.Tests\UtyRx.Tests.csproj", "{D05558D9-A9C2-4B1B-85AD-7973F3373114}"
EndProject
Global
	GlobalSection(SolutionConfigurationPlatforms) = preSolution
		Debug|Any CPU = Debug|Any CPU
		Release|Any CPU = Release|Any CPU
	EndGlobalSection
	GlobalSection(ProjectConfigurationPlatforms) = postSolution
		{F87BCE71-0567-4FE1-83A3-2FD21EA8CD17}.Debug|Any CPU.ActiveCfg = Debug|Any CPU
		{F87BCE71-0567-4FE1-83A3-2FD21EA8CD17}.Debug|Any CPU.Build.0 = Debug|Any CPU
		{F87BCE71-0567-4FE1-83A3-2FD21EA8CD17}.Release|Any CPU.ActiveCfg = Release|Any CPU
		{F87BCE71-0567-4FE1-83A3-2FD21EA8CD17}.Release|Any CPU.Build.0 = Release|Any CPU
		{D05558D9-A9C2-4B1B-85AD-7973F3373114}.Debug|Any CPU.ActiveCfg = Debug|Any CPU
		{D05558D9-A9C2-4B1B-85AD-7973F3373114}.Debug|Any CPU.Build.0 = Debug|Any CPU
		{D05558D9-A9C2-4B1B-85AD-7973F3373114}.Release|Any CPU.ActiveCfg = Release|Any CPU
		{D05558D9-A9C2-4B1B-85AD-7973F3373114}.Release|Any CPU.Build.0 = Release|Any CPU
	EndGlobalSection
	GlobalSection(SolutionProperties) = preSolution
		HideSolutionNode = FALSE
	EndGlobalSection
EndGlobal
