
Microsoft Visual Studio Solution File, Format Version 12.00
# Visual Studio 2013
VisualStudioVersion = 12.0.30324.0
MinimumVisualStudioVersion = 10.0.40219.1
Project("{FAE04EC0-301F-11D3-BF4B-00C04F79EFBC}") = "StraightSkeletonNet", "StraightSkeletonNet\StraightSkeletonNet.csproj", "{4B85469B-A41F-4E31-A7F1-C7337A78DC6A}"
EndProject
Project("{FAE04EC0-301F-11D3-BF4B-00C04F79EFBC}") = "StraightSkeletonNet.Tests", "StraightSkeletonNet.Tests\StraightSkeletonNet.Tests.csproj", "{3898AF36-98E4-4EBF-BB2C-06EC91F1EC8E}"
EndProject
Global
	GlobalSection(SolutionConfigurationPlatforms) = preSolution
		Debug|Any CPU = Debug|Any CPU
		Release|Any CPU = Release|Any CPU
	EndGlobalSection
	GlobalSection(ProjectConfigurationPlatforms) = postSolution
		{4B85469B-A41F-4E31-A7F1-C7337A78DC6A}.Debug|Any CPU.ActiveCfg = Debug|Any CPU
		{4B85469B-A41F-4E31-A7F1-C7337A78DC6A}.Debug|Any CPU.Build.0 = Debug|Any CPU
		{4B85469B-A41F-4E31-A7F1-C7337A78DC6A}.Release|Any CPU.ActiveCfg = Release|Any CPU
		{4B85469B-A41F-4E31-A7F1-C7337A78DC6A}.Release|Any CPU.Build.0 = Release|Any CPU
		{3898AF36-98E4-4EBF-BB2C-06EC91F1EC8E}.Debug|Any CPU.ActiveCfg = Debug|Any CPU
		{3898AF36-98E4-4EBF-BB2C-06EC91F1EC8E}.Debug|Any CPU.Build.0 = Debug|Any CPU
		{3898AF36-98E4-4EBF-BB2C-06EC91F1EC8E}.Release|Any CPU.ActiveCfg = Release|Any CPU
		{3898AF36-98E4-4EBF-BB2C-06EC91F1EC8E}.Release|Any CPU.Build.0 = Release|Any CPU
	EndGlobalSection
	GlobalSection(SolutionProperties) = preSolution
		HideSolutionNode = FALSE
	EndGlobalSection
EndGlobal
